
Microsoft Visual Studio Solution File, Format Version 12.00
# Visual Studio Version 16
VisualStudioVersion = 16.0.31624.102
MinimumVisualStudioVersion = 10.0.40219.1
Project("{FAE04EC0-301F-11D3-BF4B-00C04F79EFBC}") = "los-api", "los-api\los-api.csproj", "{141CF2E4-8483-4454-AB92-2F76CCC0D9F4}"
EndProject
Global
	GlobalSection(SolutionConfigurationPlatforms) = preSolution
		Debug|Any CPU = Debug|Any CPU
		Release|Any CPU = Release|Any CPU
	EndGlobalSection
	GlobalSection(ProjectConfigurationPlatforms) = postSolution
		{141CF2E4-8483-4454-AB92-2F76CCC0D9F4}.Debug|Any CPU.ActiveCfg = Debug|Any CPU
		{141CF2E4-8483-4454-AB92-2F76CCC0D9F4}.Debug|Any CPU.Build.0 = Debug|Any CPU
		{141CF2E4-8483-4454-AB92-2F76CCC0D9F4}.Release|Any CPU.ActiveCfg = Release|Any CPU
		{141CF2E4-8483-4454-AB92-2F76CCC0D9F4}.Release|Any CPU.Build.0 = Release|Any CPU
	EndGlobalSection
	GlobalSection(SolutionProperties) = preSolution
		HideSolutionNode = FALSE
	EndGlobalSection
	GlobalSection(ExtensibilityGlobals) = postSolution
		SolutionGuid = {68FF2CA3-2DEC-4A1F-BB10-6A78DA99EE2C}
	EndGlobalSection
EndGlobal
